Microsoft Visual Studio Solution File, Format Version 12.00
# Visual Studio Version 17
VisualStudioVersion = 17.5.2.0
MinimumVisualStudioVersion = 10.0.40219.1
Project("{FAE04EC0-301F-11D3-BF4B-00C04F79EFBC}") = "PCM_Backend", "PCM_Backend\PCM_Backend.csproj", "{EF9436E8-A279-DCE3-DD6B-019C0476A180}"
EndProject
Global
	GlobalSection(SolutionConfigurationPlatforms) = preSolution
		Debug|Any CPU = Debug|Any CPU
		Release|Any CPU = Release|Any CPU
	EndGlobalSection
	GlobalSection(ProjectConfigurationPlatforms) = postSolution
		{EF9436E8-A279-DCE3-DD6B-019C0476A180}.Debug|Any CPU.ActiveCfg = Debug|Any CPU
		{EF9436E8-A279-DCE3-DD6B-019C0476A180}.Debug|Any CPU.Build.0 = Debug|Any CPU
		{EF9436E8-A279-DCE3-DD6B-019C0476A180}.Release|Any CPU.ActiveCfg = Release|Any CPU
		{EF9436E8-A279-DCE3-DD6B-019C0476A180}.Release|Any CPU.Build.0 = Release|Any CPU
	EndGlobalSection
	GlobalSection(SolutionProperties) = preSolution
		HideSolutionNode = FALSE
	EndGlobalSection
	GlobalSection(ExtensibilityGlobals) = postSolution
		SolutionGuid = {2595C324-DCFD-4669-9471-FE7D1940F42E}
	EndGlobalSection
EndGlobal
